
Microsoft Visual Studio Solution File, Format Version 12.00
# Visual Studio 2013
VisualStudioVersion = 12.0.30501.0
MinimumVisualStudioVersion = 10.0.40219.1
Project("{FAE04EC0-301F-11D3-BF4B-00C04F79EFBC}") = "CleanProcedure", "CleanProcedure\CleanProcedure.csproj", "{6F8B03F8-31EA-445B-9D3D-97B63AB352D9}"
EndProject
Project("{FAE04EC0-301F-11D3-BF4B-00C04F79EFBC}") = "MultiMap", "MultiMap\MultiMap.csproj", "{E5995C17-602D-4540-BF21-FBDE8CD40EDF}"
EndProject
Project("{FAE04EC0-301F-11D3-BF4B-00C04F79EFBC}") = "DeviceConfig", "DeviceConfig\DeviceConfig.csproj", "{BC177046-7F20-49C8-BDD0-F28D64660D45}"
EndProject
Project("{FAE04EC0-301F-11D3-BF4B-00C04F79EFBC}") = "CleanForm", "CleanForm\CleanForm.csproj", "{055060CB-C53B-44F4-BE01-CFE08A338211}"
EndProject
Global
	GlobalSection(SolutionConfigurationPlatforms) = preSolution
		Debug|Any CPU = Debug|Any CPU
		Release|Any CPU = Release|Any CPU
	EndGlobalSection
	GlobalSection(ProjectConfigurationPlatforms) = postSolution
		{6F8B03F8-31EA-445B-9D3D-97B63AB352D9}.Debug|Any CPU.ActiveCfg = Debug|Any CPU
		{6F8B03F8-31EA-445B-9D3D-97B63AB352D9}.Debug|Any CPU.Build.0 = Debug|Any CPU
		{6F8B03F8-31EA-445B-9D3D-97B63AB352D9}.Release|Any CPU.ActiveCfg = Release|Any CPU
		{6F8B03F8-31EA-445B-9D3D-97B63AB352D9}.Release|Any CPU.Build.0 = Release|Any CPU
		{E5995C17-602D-4540-BF21-FBDE8CD40EDF}.Debug|Any CPU.ActiveCfg = Debug|Any CPU
		{E5995C17-602D-4540-BF21-FBDE8CD40EDF}.Debug|Any CPU.Build.0 = Debug|Any CPU
		{E5995C17-602D-4540-BF21-FBDE8CD40EDF}.Release|Any CPU.ActiveCfg = Release|Any CPU
		{E5995C17-602D-4540-BF21-FBDE8CD40EDF}.Release|Any CPU.Build.0 = Release|Any CPU
		{BC177046-7F20-49C8-BDD0-F28D64660D45}.Debug|Any CPU.ActiveCfg = Debug|Any CPU
		{BC177046-7F20-49C8-BDD0-F28D64660D45}.Debug|Any CPU.Build.0 = Debug|Any CPU
		{BC177046-7F20-49C8-BDD0-F28D64660D45}.Release|Any CPU.ActiveCfg = Release|Any CPU
		{BC177046-7F20-49C8-BDD0-F28D64660D45}.Release|Any CPU.Build.0 = Release|Any CPU
		{055060CB-C53B-44F4-BE01-CFE08A338211}.Debug|Any CPU.ActiveCfg = Debug|Any CPU
		{055060CB-C53B-44F4-BE01-CFE08A338211}.Debug|Any CPU.Build.0 = Debug|Any CPU
		{055060CB-C53B-44F4-BE01-CFE08A338211}.Release|Any CPU.ActiveCfg = Release|Any CPU
		{055060CB-C53B-44F4-BE01-CFE08A338211}.Release|Any CPU.Build.0 = Release|Any CPU
	EndGlobalSection
	GlobalSection(SolutionProperties) = preSolution
		HideSolutionNode = FALSE
	EndGlobalSection
EndGlobal
